
Microsoft Visual Studio Solution File, Format Version 12.00
# Visual Studio Version 17
VisualStudioVersion = 17.14.36203.30 d17.14
MinimumVisualStudioVersion = 10.0.40219.1
Project("{FAE04EC0-301F-11D3-BF4B-00C04F79EFBC}") = "LoginApp", "LoginApp.csproj", "{A6A7AD82-5E77-D2D0-B656-6716C6220D47}"
EndProject
Global
	GlobalSection(SolutionConfigurationPlatforms) = preSolution
		Debug|Any CPU = Debug|Any CPU
		Release|Any CPU = Release|Any CPU
	EndGlobalSection
	GlobalSection(ProjectConfigurationPlatforms) = postSolution
		{A6A7AD82-5E77-D2D0-B656-6716C6220D47}.Debug|Any CPU.ActiveCfg = Debug|Any CPU
		{A6A7AD82-5E77-D2D0-B656-6716C6220D47}.Debug|Any CPU.Build.0 = Debug|Any CPU
		{A6A7AD82-5E77-D2D0-B656-6716C6220D47}.Release|Any CPU.ActiveCfg = Release|Any CPU
		{A6A7AD82-5E77-D2D0-B656-6716C6220D47}.Release|Any CPU.Build.0 = Release|Any CPU
	EndGlobalSection
	GlobalSection(SolutionProperties) = preSolution
		HideSolutionNode = FALSE
	EndGlobalSection
	GlobalSection(ExtensibilityGlobals) = postSolution
		SolutionGuid = {D132819D-1150-4750-ABEA-701944A3B644}
	EndGlobalSection
EndGlobal
